{
  "name": "specfact-basedpyright-runner",
  "version": "1.0.0",
  "lockfileVersion": 3,
  "requires": true,
  "packages": {
    "": {
      "name": "specfact-basedpyright-runner",
      "version": "1.0.0",
      "devDependencies": {
        "basedpyright": "1.39.9"
      }
    },
    "node_modules/basedpyright": {
      "version": "1.39.9",
      "resolved": "https://registry.npmjs.org/basedpyright/-/basedpyright-1.39.9.tgz",
      "integrity": "sha512-7ijtpTtV3E3r5Lvv8GV0HfOyRrtDdLOj+xA4q3vv1Mg03F8k/vIBXSVLOQ7X5oNI52kFqiMQehhr8RS0CSP59w==",
      "dev": true,
      "license": "MIT",
      "bin": {
        "basedpyright": "index.js",
        "basedpyright-langserver": "langserver.index.js",
        "pyright": "index.js",
        "pyright-langserver": "langserver.index.js"
      },
      "engines": {
        "node": ">=14.0.0"
      },
      "optionalDependencies": {
        "fsevents": "~2.3.3"
      }
    },
    "node_modules/fsevents": {
      "version": "2.3.3",
      "resolved": "https://registry.npmjs.org/fsevents/-/fsevents-2.3.3.tgz",
      "integrity": "sha512-5xoDfX+fL7faATnagmWPpbFtwh/R77WmMMqqHGS65C3vvB0YHrgF+B1YmZ3441tMj5n63k0212XNoJwzlhffQw==",
      "dev": true,
      "hasInstallScript": true,
      "license": "MIT",
      "optional": true,
      "os": [
        "darwin"
      ],
      "engines": {
        "node": "^8.16.0 || ^10.6.0 || >=11.0.0"
      }
    }
  }
}
